
Microsoft Visual Studio Solution File, Format Version 12.00
# Visual Studio Version 17
VisualStudioVersion = 17.11.35222.181
MinimumVisualStudioVersion = 10.0.40219.1
Project("{FAE04EC0-301F-11D3-BF4B-00C04F79EFBC}") = "BL", "BL\BL.csproj", "{55A78A07-FC52-4BA8-A94F-ECB2D556911F}"
EndProject
Project("{FAE04EC0-301F-11D3-BF4B-00C04F79EFBC}") = "WebAPI", "WebAPI\WebAPI.csproj", "{186468F4-8AF9-4F85-AF90-5AE5EAC00256}"
EndProject
Project("{FAE04EC0-301F-11D3-BF4B-00C04F79EFBC}") = "WebApp", "WebApp\WebApp.csproj", "{AE08D1DB-C954-4110-959E-4EC02FDD0538}"
EndProject
Global
	GlobalSection(SolutionConfigurationPlatforms) = preSolution
		Debug|Any CPU = Debug|Any CPU
		Release|Any CPU = Release|Any CPU
	EndGlobalSection
	GlobalSection(ProjectConfigurationPlatforms) = postSolution
		{55A78A07-FC52-4BA8-A94F-ECB2D556911F}.Debug|Any CPU.ActiveCfg = Debug|Any CPU
		{55A78A07-FC52-4BA8-A94F-ECB2D556911F}.Debug|Any CPU.Build.0 = Debug|Any CPU
		{55A78A07-FC52-4BA8-A94F-ECB2D556911F}.Release|Any CPU.ActiveCfg = Release|Any CPU
		{55A78A07-FC52-4BA8-A94F-ECB2D556911F}.Release|Any CPU.Build.0 = Release|Any CPU
		{186468F4-8AF9-4F85-AF90-5AE5EAC00256}.Debug|Any CPU.ActiveCfg = Debug|Any CPU
		{186468F4-8AF9-4F85-AF90-5AE5EAC00256}.Debug|Any CPU.Build.0 = Debug|Any CPU
		{186468F4-8AF9-4F85-AF90-5AE5EAC00256}.Release|Any CPU.ActiveCfg = Release|Any CPU
		{186468F4-8AF9-4F85-AF90-5AE5EAC00256}.Release|Any CPU.Build.0 = Release|Any CPU
		{AE08D1DB-C954-4110-959E-4EC02FDD0538}.Debug|Any CPU.ActiveCfg = Debug|Any CPU
		{AE08D1DB-C954-4110-959E-4EC02FDD0538}.Debug|Any CPU.Build.0 = Debug|Any CPU
		{AE08D1DB-C954-4110-959E-4EC02FDD0538}.Release|Any CPU.ActiveCfg = Release|Any CPU
		{AE08D1DB-C954-4110-959E-4EC02FDD0538}.Release|Any CPU.Build.0 = Release|Any CPU
	EndGlobalSection
	GlobalSection(SolutionProperties) = preSolution
		HideSolutionNode = FALSE
	EndGlobalSection
	GlobalSection(ExtensibilityGlobals) = postSolution
		SolutionGuid = {F84EA9EB-0F66-408F-8D8B-3D22F1E45C20}
	EndGlobalSection
EndGlobal
